
Microsoft Visual Studio Solution File, Format Version 12.00
# Visual Studio 14
VisualStudioVersion = 14.0.25420.1
MinimumVisualStudioVersion = 10.0.40219.1
Project("{FAE04EC0-301F-11D3-BF4B-00C04F79EFBC}") = "TrafficCount.Presentation", "TrafficCount.Presentation\TrafficCount.Presentation.csproj", "{42FC203A-EF02-4D70-8017-860DE2A5E643}"
	ProjectSection(ProjectDependencies) = postProject
		{939C85C2-6FB7-4A22-9F6E-C9CD3944A6C6} = {939C85C2-6FB7-4A22-9F6E-C9CD3944A6C6}
	EndProjectSection
EndProject
Project("{FAE04EC0-301F-11D3-BF4B-00C04F79EFBC}") = "TrafficCount.Service", "TrafficCount.Service\TrafficCount.Service.csproj", "{939C85C2-6FB7-4A22-9F6E-C9CD3944A6C6}"
EndProject
Project("{FAE04EC0-301F-11D3-BF4B-00C04F79EFBC}") = "TrafficCount.Domain", "TrafficCount.Domain\TrafficCount.Domain.csproj", "{60D11FA1-6A3B-4F77-9052-C123085E2022}"
EndProject
Global
	GlobalSection(SolutionConfigurationPlatforms) = preSolution
		Debug|Any CPU = Debug|Any CPU
		Release|Any CPU = Release|Any CPU
	EndGlobalSection
	GlobalSection(ProjectConfigurationPlatforms) = postSolution
		{42FC203A-EF02-4D70-8017-860DE2A5E643}.Debug|Any CPU.ActiveCfg = Debug|Any CPU
		{42FC203A-EF02-4D70-8017-860DE2A5E643}.Debug|Any CPU.Build.0 = Debug|Any CPU
		{42FC203A-EF02-4D70-8017-860DE2A5E643}.Release|Any CPU.ActiveCfg = Release|Any CPU
		{42FC203A-EF02-4D70-8017-860DE2A5E643}.Release|Any CPU.Build.0 = Release|Any CPU
		{939C85C2-6FB7-4A22-9F6E-C9CD3944A6C6}.Debug|Any CPU.ActiveCfg = Debug|Any CPU
		{939C85C2-6FB7-4A22-9F6E-C9CD3944A6C6}.Debug|Any CPU.Build.0 = Debug|Any CPU
		{939C85C2-6FB7-4A22-9F6E-C9CD3944A6C6}.Release|Any CPU.ActiveCfg = Release|Any CPU
		{939C85C2-6FB7-4A22-9F6E-C9CD3944A6C6}.Release|Any CPU.Build.0 = Release|Any CPU
		{60D11FA1-6A3B-4F77-9052-C123085E2022}.Debug|Any CPU.ActiveCfg = Debug|Any CPU
		{60D11FA1-6A3B-4F77-9052-C123085E2022}.Debug|Any CPU.Build.0 = Debug|Any CPU
		{60D11FA1-6A3B-4F77-9052-C123085E2022}.Release|Any CPU.ActiveCfg = Release|Any CPU
		{60D11FA1-6A3B-4F77-9052-C123085E2022}.Release|Any CPU.Build.0 = Release|Any CPU
	EndGlobalSection
	GlobalSection(SolutionProperties) = preSolution
		HideSolutionNode = FALSE
	EndGlobalSection
EndGlobal
